
Microsoft Visual Studio Solution File, Format Version 12.00
# Visual Studio Version 17
VisualStudioVersion = 17.3.32819.101
MinimumVisualStudioVersion = 10.0.40219.1
Project("{FAE04EC0-301F-11D3-BF4B-00C04F79EFBC}") = "PersonMongoDbMinimalApi", "PersonMongoDbMinimalApi\PersonMongoDbMinimalApi.csproj", "{BF45D045-DE46-45C3-94AA-19C60D93F56E}"
EndProject
Global
	GlobalSection(SolutionConfigurationPlatforms) = preSolution
		Debug|Any CPU = Debug|Any CPU
		Release|Any CPU = Release|Any CPU
	EndGlobalSection
	GlobalSection(ProjectConfigurationPlatforms) = postSolution
		{BF45D045-DE46-45C3-94AA-19C60D93F56E}.Debug|Any CPU.ActiveCfg = Debug|Any CPU
		{BF45D045-DE46-45C3-94AA-19C60D93F56E}.Debug|Any CPU.Build.0 = Debug|Any CPU
		{BF45D045-DE46-45C3-94AA-19C60D93F56E}.Release|Any CPU.ActiveCfg = Release|Any CPU
		{BF45D045-DE46-45C3-94AA-19C60D93F56E}.Release|Any CPU.Build.0 = Release|Any CPU
	EndGlobalSection
	GlobalSection(SolutionProperties) = preSolution
		HideSolutionNode = FALSE
	EndGlobalSection
	GlobalSection(ExtensibilityGlobals) = postSolution
		SolutionGuid = {FE44F9C7-55F4-4B2C-8270-D1B64E3E9D02}
	EndGlobalSection
EndGlobal
